// !$*UTF8*$!
{
	archiveVersion = 1;
	classes = {
	};
	objectVersion = 56;
	objects = {

/* Begin PBXBuildFile section */
		B90301E22C478ABE00B139C5 /* FirebaseAuth in Frameworks */ = {isa = PBXBuildFile; productRef = B90301E12C478ABE00B139C5 /* FirebaseAuth */; };
		B90301E42C478ABE00B139C5 /* FirebaseAuthCombine-Community in Frameworks */ = {isa = PBXBuildFile; productRef = B90301E32C478ABE00B139C5 /* FirebaseAuthCombine-Community */; };
		B90301E62C478BFE00B139C5 /* GoogleService-Info.plist in Resources */ = {isa = PBXBuildFile; fileRef = B90301E52C478BFE00B139C5 /* GoogleService-Info.plist */; };
		B90301E82C47918400B139C5 /* TodoScreenViewController.swift in Sources */ = {isa = PBXBuildFile; fileRef = B90301E72C47918400B139C5 /* TodoScreenViewController.swift */; };
		B90301F82C47D14C00B139C5 /* AllTaskViewController.swift in Sources */ = {isa = PBXBuildFile; fileRef = B90301F72C47D14C00B139C5 /* AllTaskViewController.swift */; };
		B904C4CA2C46595E00809D04 /* LoginViewController.swift in Sources */ = {isa = PBXBuildFile; fileRef = B904C4C92C46595E00809D04 /* LoginViewController.swift */; };
		B904C4CC2C46707100809D04 /* RegisterViewController.swift in Sources */ = {isa = PBXBuildFile; fileRef = B904C4CB2C46707100809D04 /* RegisterViewController.swift */; };
		B9113CA42C463BED009208C2 /* AppDelegate.swift in Sources */ = {isa = PBXBuildFile; fileRef = B9113CA32C463BED009208C2 /* AppDelegate.swift */; };
		B9113CA62C463BED009208C2 /* SceneDelegate.swift in Sources */ = {isa = PBXBuildFile; fileRef = B9113CA52C463BED009208C2 /* SceneDelegate.swift */; };
		B9113CA82C463BED009208C2 /* ViewController.swift in Sources */ = {isa = PBXBuildFile; fileRef = B9113CA72C463BED009208C2 /* ViewController.swift */; };
		B9113CAB2C463BED009208C2 /* Base in Resources */ = {isa = PBXBuildFile; fileRef = B9113CAA2C463BED009208C2 /* Base */; };
		B9113CAE2C463BED009208C2 /* Scheduleia.xcdatamodeld in Sources */ = {isa = PBXBuildFile; fileRef = B9113CAC2C463BED009208C2 /* Scheduleia.xcdatamodeld */; };
		B9113CB02C463BEE009208C2 /* Assets.xcassets in Resources */ = {isa = PBXBuildFile; fileRef = B9113CAF2C463BEE009208C2 /* Assets.xcassets */; };
		B9113CB32C463BEE009208C2 /* Base in Resources */ = {isa = PBXBuildFile; fileRef = B9113CB22C463BEE009208C2 /* Base */; };
		B9113CBE2C463BEE009208C2 /* ScheduleiaTests.swift in Sources */ = {isa = PBXBuildFile; fileRef = B9113CBD2C463BEE009208C2 /* ScheduleiaTests.swift */; };
		B9113CC82C463BEE009208C2 /* ScheduleiaUITests.swift in Sources */ = {isa = PBXBuildFile; fileRef = B9113CC72C463BEE009208C2 /* ScheduleiaUITests.swift */; };
		B9113CCA2C463BEE009208C2 /* ScheduleiaUITestsLaunchTests.swift in Sources */ = {isa = PBXBuildFile; fileRef = B9113CC92C463BEE009208C2 /* ScheduleiaUITestsLaunchTests.swift */; };
		B9561ADE2C492531008DC1CF /* TodoItemTableViewCell.swift in Sources */ = {isa = PBXBuildFile; fileRef = B9561ADD2C492531008DC1CF /* TodoItemTableViewCell.swift */; };
		B9561AE02C492583008DC1CF /* TodoItemTableViewCell.xib in Resources */ = {isa = PBXBuildFile; fileRef = B9561ADF2C492583008DC1CF /* TodoItemTableViewCell.xib */; };
/* End PBXBuildFile section */

/* Begin PBXContainerItemProxy section */
		B9113CBA2C463BEE009208C2 /* PBXContainerItemProxy */ = {
			isa = PBXContainerItemProxy;
			containerPortal = B9113C982C463BED009208C2 /* Project object */;
			proxyType = 1;
			remoteGlobalIDString = B9113C9F2C463BED009208C2;
			remoteInfo = Scheduleia;
		};
		B9113CC42C463BEE009208C2 /* PBXContainerItemProxy */ = {
			isa = PBXContainerItemProxy;
			containerPortal = B9113C982C463BED009208C2 /* Project object */;
			proxyType = 1;
			remoteGlobalIDString = B9113C9F2C463BED009208C2;
			remoteInfo = Scheduleia;
		};
/* End PBXContainerItemProxy section */

/* Begin PBXFileReference section */
		B90301E52C478BFE00B139C5 /* GoogleService-Info.plist */ = {isa = PBXFileReference; fileEncoding = 4; lastKnownFileType = text.plist.xml; path = "GoogleService-Info.plist"; sourceTree = "<group>"; };
		B90301E72C47918400B139C5 /* TodoScreenViewController.swift */ = {isa = PBXFileReference; lastKnownFileType = sourcecode.swift; path = TodoScreenViewController.swift; sourceTree = "<group>"; };
		B90301F72C47D14C00B139C5 /* AllTaskViewController.swift */ = {isa = PBXFileReference; lastKnownFileType = sourcecode.swift; path = AllTaskViewController.swift; sourceTree = "<group>"; };
		B904C4C92C46595E00809D04 /* LoginViewController.swift */ = {isa = PBXFileReference; lastKnownFileType = sourcecode.swift; path = LoginViewController.swift; sourceTree = "<group>"; };
		B904C4CB2C46707100809D04 /* RegisterViewController.swift */ = {isa = PBXFileReference; lastKnownFileType = sourcecode.swift; path = RegisterViewController.swift; sourceTree = "<group>"; };
		B9113CA02C463BED009208C2 /* Scheduleia.app */ = {isa = PBXFileReference; explicitFileType = wrapper.application; includeInIndex = 0; path = Scheduleia.app; sourceTree = BUILT_PRODUCTS_DIR; };
		B9113CA32C463BED009208C2 /* AppDelegate.swift */ = {isa = PBXFileReference; lastKnownFileType = sourcecode.swift; path = AppDelegate.swift; sourceTree = "<group>"; };
		B9113CA52C463BED009208C2 /* SceneDelegate.swift */ = {isa = PBXFileReference; lastKnownFileType = sourcecode.swift; path = SceneDelegate.swift; sourceTree = "<group>"; };
		B9113CA72C463BED009208C2 /* ViewController.swift */ = {isa = PBXFileReference; lastKnownFileType = sourcecode.swift; path = ViewController.swift; sourceTree = "<group>"; };
		B9113CAA2C463BED009208C2 /* Base */ = {isa = PBXFileReference; lastKnownFileType = file.storyboard; name = Base; path = Base.lproj/Main.storyboard; sourceTree = "<group>"; };
		B9113CAD2C463BED009208C2 /* Scheduleia.xcdatamodel */ = {isa = PBXFileReference; lastKnownFileType = wrapper.xcdatamodel; path = Scheduleia.xcdatamodel; sourceTree = "<group>"; };
		B9113CAF2C463BEE009208C2 /* Assets.xcassets */ = {isa = PBXFileReference; lastKnownFileType = folder.assetcatalog; path = Assets.xcassets; sourceTree = "<group>"; };
		B9113CB22C463BEE009208C2 /* Base */ = {isa = PBXFileReference; lastKnownFileType = file.storyboard; name = Base; path = Base.lproj/LaunchScreen.storyboard; sourceTree = "<group>"; };
		B9113CB42C463BEE009208C2 /* Info.plist */ = {isa = PBXFileReference; lastKnownFileType = text.plist.xml; path = Info.plist; sourceTree = "<group>"; };
		B9113CB92C463BEE009208C2 /* ScheduleiaTests.xctest */ = {isa = PBXFileReference; explicitFileType = wrapper.cfbundle; includeInIndex = 0; path = ScheduleiaTests.xctest; sourceTree = BUILT_PRODUCTS_DIR; };
		B9113CBD2C463BEE009208C2 /* ScheduleiaTests.swift */ = {isa = PBXFileReference; lastKnownFileType = sourcecode.swift; path = ScheduleiaTests.swift; sourceTree = "<group>"; };
		B9113CC32C463BEE009208C2 /* ScheduleiaUITests.xctest */ = {isa = PBXFileReference; explicitFileType = wrapper.cfbundle; includeInIndex = 0; path = ScheduleiaUITests.xctest; sourceTree = BUILT_PRODUCTS_DIR; };
		B9113CC72C463BEE009208C2 /* ScheduleiaUITests.swift */ = {isa = PBXFileReference; lastKnownFileType = sourcecode.swift; path = ScheduleiaUITests.swift; sourceTree = "<group>"; };
		B9113CC92C463BEE009208C2 /* ScheduleiaUITestsLaunchTests.swift */ = {isa = PBXFileReference; lastKnownFileType = sourcecode.swift; path = ScheduleiaUITestsLaunchTests.swift; sourceTree = "<group>"; };
		B9561ADD2C492531008DC1CF /* TodoItemTableViewCell.swift */ = {isa = PBXFileReference; fileEncoding = 4; lastKnownFileType = sourcecode.swift; path = TodoItemTableViewCell.swift; sourceTree = "<group>"; };
		B9561ADF2C492583008DC1CF /* TodoItemTableViewCell.xib */ = {isa = PBXFileReference; fileEncoding = 4; lastKnownFileType = file.xib; path = TodoItemTableViewCell.xib; sourceTree = "<group>"; };
/* End PBXFileReference section */

/* Begin PBXFrameworksBuildPhase section */
		B9113C9D2C463BED009208C2 /* Frameworks */ = {
			isa = PBXFrameworksBuildPhase;
			buildActionMask = 2147483647;
			files = (
				B90301E22C478ABE00B139C5 /* FirebaseAuth in Frameworks */,
				B90301E42C478ABE00B139C5 /* FirebaseAuthCombine-Community in Frameworks */,
			);
			runOnlyForDeploymentPostprocessing = 0;
		};
		B9113CB62C463BEE009208C2 /* Frameworks */ = {
			isa = PBXFrameworksBuildPhase;
			buildActionMask = 2147483647;
			files = (
			);
			runOnlyForDeploymentPostprocessing = 0;
		};
		B9113CC02C463BEE009208C2 /* Frameworks */ = {
			isa = PBXFrameworksBuildPhase;
			buildActionMask = 2147483647;
			files = (
			);
			runOnlyForDeploymentPostprocessing = 0;
		};
/* End PBXFrameworksBuildPhase section */

/* Begin PBXGroup section */
		B90301E92C47B01300B139C5 /* Views */ = {
			isa = PBXGroup;
			children = (
				B9113CA92C463BED009208C2 /* Main.storyboard */,
				B9561ADF2C492583008DC1CF /* TodoItemTableViewCell.xib */,
			);
			path = Views;
			sourceTree = "<group>";
		};
		B90301EA2C47B02E00B139C5 /* View Models */ = {
			isa = PBXGroup;
			children = (
				B9113CA72C463BED009208C2 /* ViewController.swift */,
				B9561ADD2C492531008DC1CF /* TodoItemTableViewCell.swift */,
				B90301E72C47918400B139C5 /* TodoScreenViewController.swift */,
				B904C4CB2C46707100809D04 /* RegisterViewController.swift */,
				B904C4C92C46595E00809D04 /* LoginViewController.swift */,
				B90301F72C47D14C00B139C5 /* AllTaskViewController.swift */,
			);
			path = "View Models";
			sourceTree = "<group>";
		};
		B90301EC2C47BD5100B139C5 /* Model */ = {
			isa = PBXGroup;
			children = (
			);
			path = Model;
			sourceTree = "<group>";
		};
		B9113C972C463BED009208C2 = {
			isa = PBXGroup;
			children = (
				B9113CA22C463BED009208C2 /* Scheduleia */,
				B9113CBC2C463BEE009208C2 /* ScheduleiaTests */,
				B9113CC62C463BEE009208C2 /* ScheduleiaUITests */,
				B9113CA12C463BED009208C2 /* Products */,
			);
			sourceTree = "<group>";
		};
		B9113CA12C463BED009208C2 /* Products */ = {
			isa = PBXGroup;
			children = (
				B9113CA02C463BED009208C2 /* Scheduleia.app */,
				B9113CB92C463BEE009208C2 /* ScheduleiaTests.xctest */,
				B9113CC32C463BEE009208C2 /* ScheduleiaUITests.xctest */,
			);
			name = Products;
			sourceTree = "<group>";
		};
		B9113CA22C463BED009208C2 /* Scheduleia */ = {
			isa = PBXGroup;
			children = (
				B90301EC2C47BD5100B139C5 /* Model */,
				B9113CA32C463BED009208C2 /* AppDelegate.swift */,
				B9113CA52C463BED009208C2 /* SceneDelegate.swift */,
				B90301E92C47B01300B139C5 /* Views */,
				B90301EA2C47B02E00B139C5 /* View Models */,
				B9113CAF2C463BEE009208C2 /* Assets.xcassets */,
				B9113CB12C463BEE009208C2 /* LaunchScreen.storyboard */,
				B9113CB42C463BEE009208C2 /* Info.plist */,
				B9113CAC2C463BED009208C2 /* Scheduleia.xcdatamodeld */,
				B90301E52C478BFE00B139C5 /* GoogleService-Info.plist */,
			);
			path = Scheduleia;
			sourceTree = "<group>";
		};
		B9113CBC2C463BEE009208C2 /* ScheduleiaTests */ = {
			isa = PBXGroup;
			children = (
				B9113CBD2C463BEE009208C2 /* ScheduleiaTests.swift */,
			);
			path = ScheduleiaTests;
			sourceTree = "<group>";
		};
		B9113CC62C463BEE009208C2 /* ScheduleiaUITests */ = {
			isa = PBXGroup;
			children = (
				B9113CC72C463BEE009208C2 /* ScheduleiaUITests.swift */,
				B9113CC92C463BEE009208C2 /* ScheduleiaUITestsLaunchTests.swift */,
			);
			path = ScheduleiaUITests;
			sourceTree = "<group>";
		};
/* End PBXGroup section */

/* Begin PBXNativeTarget section */
		B9113C9F2C463BED009208C2 /* Scheduleia */ = {
			isa = PBXNativeTarget;
			buildConfigurationList = B9113CCD2C463BEE009208C2 /* Build configuration list for PBXNativeTarget "Scheduleia" */;
			buildPhases = (
				B9113C9C2C463BED009208C2 /* Sources */,
				B9113C9D2C463BED009208C2 /* Frameworks */,
				B9113C9E2C463BED009208C2 /* Resources */,
			);
			buildRules = (
			);
			dependencies = (
			);
			name = Scheduleia;
			packageProductDependencies = (
				B90301E12C478ABE00B139C5 /* FirebaseAuth */,
				B90301E32C478ABE00B139C5 /* FirebaseAuthCombine-Community */,
			);
			productName = Scheduleia;
			productReference = B9113CA02C463BED009208C2 /* Scheduleia.app */;
			productType = "com.apple.product-type.application";
		};
		B9113CB82C463BEE009208C2 /* ScheduleiaTests */ = {
			isa = PBXNativeTarget;
			buildConfigurationList = B9113CD02C463BEE009208C2 /* Build configuration list for PBXNativeTarget "ScheduleiaTests" */;
			buildPhases = (
				B9113CB52C463BEE009208C2 /* Sources */,
				B9113CB62C463BEE009208C2 /* Frameworks */,
				B9113CB72C463BEE009208C2 /* Resources */,
			);
			buildRules = (
			);
			dependencies = (
				B9113CBB2C463BEE009208C2 /* PBXTargetDependency */,
			);
			name = ScheduleiaTests;
			productName = ScheduleiaTests;
			productReference = B9113CB92C463BEE009208C2 /* ScheduleiaTests.xctest */;
			productType = "com.apple.product-type.bundle.unit-test";
		};
		B9113CC22C463BEE009208C2 /* ScheduleiaUITests */ = {
			isa = PBXNativeTarget;
			buildConfigurationList = B9113CD32C463BEE009208C2 /* Build configuration list for PBXNativeTarget "ScheduleiaUITests" */;
			buildPhases = (
				B9113CBF2C463BEE009208C2 /* Sources */,
				B9113CC02C463BEE009208C2 /* Frameworks */,
				B9113CC12C463BEE009208C2 /* Resources */,
			);
			buildRules = (
			);
			dependencies = (
				B9113CC52C463BEE009208C2 /* PBXTargetDependency */,
			);
			name = ScheduleiaUITests;
			productName = ScheduleiaUITests;
			productReference = B9113CC32C463BEE009208C2 /* ScheduleiaUITests.xctest */;
			productType = "com.apple.product-type.bundle.ui-testing";
		};
/* End PBXNativeTarget section */

/* Begin PBXProject section */
		B9113C982C463BED009208C2 /* Project object */ = {
			isa = PBXProject;
			attributes = {
				BuildIndependentTargetsInParallel = 1;
				LastSwiftUpdateCheck = 1540;
				LastUpgradeCheck = 1540;
				TargetAttributes = {
					B9113C9F2C463BED009208C2 = {
						CreatedOnToolsVersion = 15.4;
					};
					B9113CB82C463BEE009208C2 = {
						CreatedOnToolsVersion = 15.4;
						TestTargetID = B9113C9F2C463BED009208C2;
					};
					B9113CC22C463BEE009208C2 = {
						CreatedOnToolsVersion = 15.4;
						TestTargetID = B9113C9F2C463BED009208C2;
					};
				};
			};
			buildConfigurationList = B9113C9B2C463BED009208C2 /* Build configuration list for PBXProject "Scheduleia" */;
			compatibilityVersion = "Xcode 14.0";
			developmentRegion = en;
			hasScannedForEncodings = 0;
			knownRegions = (
				en,
				Base,
			);
			mainGroup = B9113C972C463BED009208C2;
			packageReferences = (
				B90301E02C478ABE00B139C5 /* XCRemoteSwiftPackageReference "firebase-ios-sdk" */,
			);
			productRefGroup = B9113CA12C463BED009208C2 /* Products */;
			projectDirPath = "";
			projectRoot = "";
			targets = (
				B9113C9F2C463BED009208C2 /* Scheduleia */,
				B9113CB82C463BEE009208C2 /* ScheduleiaTests */,
				B9113CC22C463BEE009208C2 /* ScheduleiaUITests */,
			);
		};
/* End PBXProject section */

/* Begin PBXResourcesBuildPhase section */
		B9113C9E2C463BED009208C2 /* Resources */ = {
			isa = PBXResourcesBuildPhase;
			buildActionMask = 2147483647;
			files = (
				B9113CB02C463BEE009208C2 /* Assets.xcassets in Resources */,
				B9561AE02C492583008DC1CF /* TodoItemTableViewCell.xib in Resources */,
				B90301E62C478BFE00B139C5 /* GoogleService-Info.plist in Resources */,
				B9113CB32C463BEE009208C2 /* Base in Resources */,
				B9113CAB2C463BED009208C2 /* Base in Resources */,
			);
			runOnlyForDeploymentPostprocessing = 0;
		};
		B9113CB72C463BEE009208C2 /* Resources */ = {
			isa = PBXResourcesBuildPhase;
			buildActionMask = 2147483647;
			files = (
			);
			runOnlyForDeploymentPostprocessing = 0;
		};
		B9113CC12C463BEE009208C2 /* Resources */ = {
			isa = PBXResourcesBuildPhase;
			buildActionMask = 2147483647;
			files = (
			);
			runOnlyForDeploymentPostprocessing = 0;
		};
/* End PBXResourcesBuildPhase section */

/* Begin PBXSourcesBuildPhase section */
		B9113C9C2C463BED009208C2 /* Sources */ = {
			isa = PBXSourcesBuildPhase;
			buildActionMask = 2147483647;
			files = (
				B90301E82C47918400B139C5 /* TodoScreenViewController.swift in Sources */,
				B90301F82C47D14C00B139C5 /* AllTaskViewController.swift in Sources */,
				B9561ADE2C492531008DC1CF /* TodoItemTableViewCell.swift in Sources */,
				B9113CA82C463BED009208C2 /* ViewController.swift in Sources */,
				B9113CA42C463BED009208C2 /* AppDelegate.swift in Sources */,
				B9113CAE2C463BED009208C2 /* Scheduleia.xcdatamodeld in Sources */,
				B904C4CC2C46707100809D04 /* RegisterViewController.swift in Sources */,
				B904C4CA2C46595E00809D04 /* LoginViewController.swift in Sources */,
				B9113CA62C463BED009208C2 /* SceneDelegate.swift in Sources */,
			);
			runOnlyForDeploymentPostprocessing = 0;
		};
		B9113CB52C463BEE009208C2 /* Sources */ = {
			isa = PBXSourcesBuildPhase;
			buildActionMask = 2147483647;
			files = (
				B9113CBE2C463BEE009208C2 /* ScheduleiaTests.swift in Sources */,
			);
			runOnlyForDeploymentPostprocessing = 0;
		};
		B9113CBF2C463BEE009208C2 /* Sources */ = {
			isa = PBXSourcesBuildPhase;
			buildActionMask = 2147483647;
			files = (
				B9113CC82C463BEE009208C2 /* ScheduleiaUITests.swift in Sources */,
				B9113CCA2C463BEE009208C2 /* ScheduleiaUITestsLaunchTests.swift in Sources */,
			);
			runOnlyForDeploymentPostprocessing = 0;
		};
/* End PBXSourcesBuildPhase section */

/* Begin PBXTargetDependency section */
		B9113CBB2C463BEE009208C2 /* PBXTargetDependency */ = {
			isa = PBXTargetDependency;
			target = B9113C9F2C463BED009208C2 /* Scheduleia */;
			targetProxy = B9113CBA2C463BEE009208C2 /* PBXContainerItemProxy */;
		};
		B9113CC52C463BEE009208C2 /* PBXTargetDependency */ = {
			isa = PBXTargetDependency;
			target = B9113C9F2C463BED009208C2 /* Scheduleia */;
			targetProxy = B9113CC42C463BEE009208C2 /* PBXContainerItemProxy */;
		};
/* End PBXTargetDependency section */

/* Begin PBXVariantGroup section */
		B9113CA92C463BED009208C2 /* Main.storyboard */ = {
			isa = PBXVariantGroup;
			children = (
				B9113CAA2C463BED009208C2 /* Base */,
			);
			name = Main.storyboard;
			sourceTree = "<group>";
		};
		B9113CB12C463BEE009208C2 /* LaunchScreen.storyboard */ = {
			isa = PBXVariantGroup;
			children = (
				B9113CB22C463BEE009208C2 /* Base */,
			);
			name = LaunchScreen.storyboard;
			sourceTree = "<group>";
		};
/* End PBXVariantGroup section */

/* Begin XCBuildConfiguration section */
		B9113CCB2C463BEE009208C2 /* Debug */ = {
			isa = XCBuildConfiguration;
			buildSettings = {
				ALWAYS_SEARCH_USER_PATHS = NO;
				ASSETCATALOG_COMPILER_GENERATE_SWIFT_ASSET_SYMBOL_EXTENSIONS = YES;
				CLANG_ANALYZER_NONNULL = YES;
				CLANG_ANALYZER_NUMBER_OBJECT_CONVERSION = YES_AGGRESSIVE;
				CLANG_CXX_LANGUAGE_STANDARD = "gnu++20";
				CLANG_ENABLE_MODULES = YES;
				CLANG_ENABLE_OBJC_ARC = YES;
				CLANG_ENABLE_OBJC_WEAK = YES;
				CLANG_WARN_BLOCK_CAPTURE_AUTORELEASING = YES;
				CLANG_WARN_BOOL_CONVERSION = YES;
				CLANG_WARN_COMMA = YES;
				CLANG_WARN_CONSTANT_CONVERSION = YES;
				CLANG_WARN_DEPRECATED_OBJC_IMPLEMENTATIONS = YES;
				CLANG_WARN_DIRECT_OBJC_ISA_USAGE = YES_ERROR;
				CLANG_WARN_DOCUMENTATION_COMMENTS = YES;
				CLANG_WARN_EMPTY_BODY = YES;
				CLANG_WARN_ENUM_CONVERSION = YES;
				CLANG_WARN_INFINITE_RECURSION = YES;
				CLANG_WARN_INT_CONVERSION = YES;
				CLANG_WARN_NON_LITERAL_NULL_CONVERSION = YES;
				CLANG_WARN_OBJC_IMPLICIT_RETAIN_SELF = YES;
				CLANG_WARN_OBJC_LITERAL_CONVERSION = YES;
				CLANG_WARN_OBJC_ROOT_CLASS = YES_ERROR;
				CLANG_WARN_QUOTED_INCLUDE_IN_FRAMEWORK_HEADER = YES;
				CLANG_WARN_RANGE_LOOP_ANALYSIS = YES;
				CLANG_WARN_STRICT_PROTOTYPES = YES;
				CLANG_WARN_SUSPICIOUS_MOVE = YES;
				CLANG_WARN_UNGUARDED_AVAILABILITY = YES_AGGRESSIVE;
				CLANG_WARN_UNREACHABLE_CODE = YES;
				CLANG_WARN__DUPLICATE_METHOD_MATCH = YES;
				COPY_PHASE_STRIP = NO;
				DEBUG_INFORMATION_FORMAT = dwarf;
				ENABLE_STRICT_OBJC_MSGSEND = YES;
				ENABLE_TESTABILITY = YES;
				ENABLE_USER_SCRIPT_SANDBOXING = YES;
				GCC_C_LANGUAGE_STANDARD = gnu17;
				GCC_DYNAMIC_NO_PIC = NO;
				GCC_NO_COMMON_BLOCKS = YES;
				GCC_OPTIMIZATION_LEVEL = 0;
				GCC_PREPROCESSOR_DEFINITIONS = (
					"DEBUG=1",
					"$(inherited)",
				);
				GCC_WARN_64_TO_32_BIT_CONVERSION = YES;
				GCC_WARN_ABOUT_RETURN_TYPE = YES_ERROR;
				GCC_WARN_UNDECLARED_SELECTOR = YES;
				GCC_WARN_UNINITIALIZED_AUTOS = YES_AGGRESSIVE;
				GCC_WARN_UNUSED_FUNCTION = YES;
				GCC_WARN_UNUSED_VARIABLE = YES;
				IPHONEOS_DEPLOYMENT_TARGET = 17.5;
				LOCALIZATION_PREFERS_STRING_CATALOGS = YES;
				MTL_ENABLE_DEBUG_INFO = INCLUDE_SOURCE;
				MTL_FAST_MATH = YES;
				ONLY_ACTIVE_ARCH = YES;
				SDKROOT = iphoneos;
				SWIFT_ACTIVE_COMPILATION_CONDITIONS = "DEBUG $(inherited)";
				SWIFT_OPTIMIZATION_LEVEL = "-Onone";
			};
			name = Debug;
		};
		B9113CCC2C463BEE009208C2 /* Release */ = {
			isa = XCBuildConfiguration;
			buildSettings = {
				ALWAYS_SEARCH_USER_PATHS = NO;
				ASSETCATALOG_COMPILER_GENERATE_SWIFT_ASSET_SYMBOL_EXTENSIONS = YES;
				CLANG_ANALYZER_NONNULL = YES;
				CLANG_ANALYZER_NUMBER_OBJECT_CONVERSION = YES_AGGRESSIVE;
				CLANG_CXX_LANGUAGE_STANDARD = "gnu++20";
				CLANG_ENABLE_MODULES = YES;
				CLANG_ENABLE_OBJC_ARC = YES;
				CLANG_ENABLE_OBJC_WEAK = YES;
				CLANG_WARN_BLOCK_CAPTURE_AUTORELEASING = YES;
				CLANG_WARN_BOOL_CONVERSION = YES;
				CLANG_WARN_COMMA = YES;
				CLANG_WARN_CONSTANT_CONVERSION = YES;
				CLANG_WARN_DEPRECATED_OBJC_IMPLEMENTATIONS = YES;
				CLANG_WARN_DIRECT_OBJC_ISA_USAGE = YES_ERROR;
				CLANG_WARN_DOCUMENTATION_COMMENTS = YES;
				CLANG_WARN_EMPTY_BODY = YES;
				CLANG_WARN_ENUM_CONVERSION = YES;
				CLANG_WARN_INFINITE_RECURSION = YES;
				CLANG_WARN_INT_CONVERSION = YES;
				CLANG_WARN_NON_LITERAL_NULL_CONVERSION = YES;
				CLANG_WARN_OBJC_IMPLICIT_RETAIN_SELF = YES;
				CLANG_WARN_OBJC_LITERAL_CONVERSION = YES;
				CLANG_WARN_OBJC_ROOT_CLASS = YES_ERROR;
				CLANG_WARN_QUOTED_INCLUDE_IN_FRAMEWORK_HEADER = YES;
				CLANG_WARN_RANGE_LOOP_ANALYSIS = YES;
				CLANG_WARN_STRICT_PROTOTYPES = YES;
				CLANG_WARN_SUSPICIOUS_MOVE = YES;
				CLANG_WARN_UNGUARDED_AVAILABILITY = YES_AGGRESSIVE;
				CLANG_WARN_UNREACHABLE_CODE = YES;
				CLANG_WARN__DUPLICATE_METHOD_MATCH = YES;
				COPY_PHASE_STRIP = NO;
				DEBUG_INFORMATION_FORMAT = "dwarf-with-dsym";
				ENABLE_NS_ASSERTIONS = NO;
				ENABLE_STRICT_OBJC_MSGSEND = YES;
				ENABLE_USER_SCRIPT_SANDBOXING = YES;
				GCC_C_LANGUAGE_STANDARD = gnu17;
				GCC_NO_COMMON_BLOCKS = YES;
				GCC_WARN_64_TO_32_BIT_CONVERSION = YES;
				GCC_WARN_ABOUT_RETURN_TYPE = YES_ERROR;
				GCC_WARN_UNDECLARED_SELECTOR = YES;
				GCC_WARN_UNINITIALIZED_AUTOS = YES_AGGRESSIVE;
				GCC_WARN_UNUSED_FUNCTION = YES;
				GCC_WARN_UNUSED_VARIABLE = YES;
				IPHONEOS_DEPLOYMENT_TARGET = 17.5;
				LOCALIZATION_PREFERS_STRING_CATALOGS = YES;
				MTL_ENABLE_DEBUG_INFO = NO;
				MTL_FAST_MATH = YES;
				SDKROOT = iphoneos;
				SWIFT_COMPILATION_MODE = wholemodule;
				VALIDATE_PRODUCT = YES;
			};
			name = Release;
		};
		B9113CCE2C463BEE009208C2 /* Debug */ = {
			isa = XCBuildConfiguration;
			buildSettings = {
				ASSETCATALOG_COMPILER_APPICON_NAME = AppIcon;
				ASSETCATALOG_COMPILER_GLOBAL_ACCENT_COLOR_NAME = AccentColor;
				CODE_SIGN_STYLE = Automatic;
				CURRENT_PROJECT_VERSION = 1;
				GENERATE_INFOPLIST_FILE = YES;
				INFOPLIST_FILE = Scheduleia/Info.plist;
				INFOPLIST_KEY_UIApplicationSupportsIndirectInputEvents = YES;
				INFOPLIST_KEY_UILaunchStoryboardName = LaunchScreen;
				INFOPLIST_KEY_UIMainStoryboardFile = Main;
				INFOPLIST_KEY_UISupportedInterfaceOrientations_iPad = "UIInterfaceOrientationPortrait UIInterfaceOrientationPortraitUpsideDown UIInterfaceOrientationLandscapeLeft UIInterfaceOrientationLandscapeRight";
				INFOPLIST_KEY_UISupportedInterfaceOrientations_iPhone = "UIInterfaceOrientationPortrait UIInterfaceOrientationLandscapeLeft UIInterfaceOrientationLandscapeRight";
				LD_RUNPATH_SEARCH_PATHS = (
					"$(inherited)",
					"@executable_path/Frameworks",
				);
				MARKETING_VERSION = 1.0;
				PRODUCT_BUNDLE_IDENTIFIER = zopsmart.Scheduleia;
				PRODUCT_NAME = "$(TARGET_NAME)";
				SWIFT_EMIT_LOC_STRINGS = YES;
				SWIFT_VERSION = 5.0;
				TARGETED_DEVICE_FAMILY = "1,2";
			};
			name = Debug;
		};
		B9113CCF2C463BEE009208C2 /* Release */ = {
			isa = XCBuildConfiguration;
			buildSettings = {
				ASSETCATALOG_COMPILER_APPICON_NAME = AppIcon;
				ASSETCATALOG_COMPILER_GLOBAL_ACCENT_COLOR_NAME = AccentColor;
				CODE_SIGN_STYLE = Automatic;
				CURRENT_PROJECT_VERSION = 1;
				GENERATE_INFOPLIST_FILE = YES;
				INFOPLIST_FILE = Scheduleia/Info.plist;
				INFOPLIST_KEY_UIApplicationSupportsIndirectInputEvents = YES;
				INFOPLIST_KEY_UILaunchStoryboardName = LaunchScreen;
				INFOPLIST_KEY_UIMainStoryboardFile = Main;
				INFOPLIST_KEY_UISupportedInterfaceOrientations_iPad = "UIInterfaceOrientationPortrait UIInterfaceOrientationPortraitUpsideDown UIInterfaceOrientationLandscapeLeft UIInterfaceOrientationLandscapeRight";
				INFOPLIST_KEY_UISupportedInterfaceOrientations_iPhone = "UIInterfaceOrientationPortrait UIInterfaceOrientationLandscapeLeft UIInterfaceOrientationLandscapeRight";
				LD_RUNPATH_SEARCH_PATHS = (
					"$(inherited)",
					"@executable_path/Frameworks",
				);
				MARKETING_VERSION = 1.0;
				PRODUCT_BUNDLE_IDENTIFIER = zopsmart.Scheduleia;
				PRODUCT_NAME = "$(TARGET_NAME)";
				SWIFT_EMIT_LOC_STRINGS = YES;
				SWIFT_VERSION = 5.0;
				TARGETED_DEVICE_FAMILY = "1,2";
			};
			name = Release;
		};
		B9113CD12C463BEE009208C2 /* Debug */ = {
			isa = XCBuildConfiguration;
			buildSettings = {
				ALWAYS_EMBED_SWIFT_STANDARD_LIBRARIES = YES;
				BUNDLE_LOADER = "$(TEST_HOST)";
				CODE_SIGN_STYLE = Automatic;
				CURRENT_PROJECT_VERSION = 1;
				GENERATE_INFOPLIST_FILE = YES;
				IPHONEOS_DEPLOYMENT_TARGET = 17.5;
				MARKETING_VERSION = 1.0;
				PRODUCT_BUNDLE_IDENTIFIER = zopsmart.ScheduleiaTests;
				PRODUCT_NAME = "$(TARGET_NAME)";
				SWIFT_EMIT_LOC_STRINGS = NO;
				SWIFT_VERSION = 5.0;
				TARGETED_DEVICE_FAMILY = "1,2";
				TEST_HOST = "$(BUILT_PRODUCTS_DIR)/Scheduleia.app/$(BUNDLE_EXECUTABLE_FOLDER_PATH)/Scheduleia";
			};
			name = Debug;
		};
		B9113CD22C463BEE009208C2 /* Release */ = {
			isa = XCBuildConfiguration;
			buildSettings = {
				ALWAYS_EMBED_SWIFT_STANDARD_LIBRARIES = YES;
				BUNDLE_LOADER = "$(TEST_HOST)";
				CODE_SIGN_STYLE = Automatic;
				CURRENT_PROJECT_VERSION = 1;
				GENERATE_INFOPLIST_FILE = YES;
				IPHONEOS_DEPLOYMENT_TARGET = 17.5;
				MARKETING_VERSION = 1.0;
				PRODUCT_BUNDLE_IDENTIFIER = zopsmart.ScheduleiaTests;
				PRODUCT_NAME = "$(TARGET_NAME)";
				SWIFT_EMIT_LOC_STRINGS = NO;
				SWIFT_VERSION = 5.0;
				TARGETED_DEVICE_FAMILY = "1,2";
				TEST_HOST = "$(BUILT_PRODUCTS_DIR)/Scheduleia.app/$(BUNDLE_EXECUTABLE_FOLDER_PATH)/Scheduleia";
			};
			name = Release;
		};
		B9113CD42C463BEE009208C2 /* Debug */ = {
			isa = XCBuildConfiguration;
			buildSettings = {
				ALWAYS_EMBED_SWIFT_STANDARD_LIBRARIES = YES;
				CODE_SIGN_STYLE = Automatic;
				CURRENT_PROJECT_VERSION = 1;
				GENERATE_INFOPLIST_FILE = YES;
				MARKETING_VERSION = 1.0;
				PRODUCT_BUNDLE_IDENTIFIER = zopsmart.ScheduleiaUITests;
				PRODUCT_NAME = "$(TARGET_NAME)";
				SWIFT_EMIT_LOC_STRINGS = NO;
				SWIFT_VERSION = 5.0;
				TARGETED_DEVICE_FAMILY = "1,2";
				TEST_TARGET_NAME = Scheduleia;
			};
			name = Debug;
		};
		B9113CD52C463BEE009208C2 /* Release */ = {
			isa = XCBuildConfiguration;
			buildSettings = {
				ALWAYS_EMBED_SWIFT_STANDARD_LIBRARIES = YES;
				CODE_SIGN_STYLE = Automatic;
				CURRENT_PROJECT_VERSION = 1;
				GENERATE_INFOPLIST_FILE = YES;
				MARKETING_VERSION = 1.0;
				PRODUCT_BUNDLE_IDENTIFIER = zopsmart.ScheduleiaUITests;
				PRODUCT_NAME = "$(TARGET_NAME)";
				SWIFT_EMIT_LOC_STRINGS = NO;
				SWIFT_VERSION = 5.0;
				TARGETED_DEVICE_FAMILY = "1,2";
				TEST_TARGET_NAME = Scheduleia;
			};
			name = Release;
		};
/* End XCBuildConfiguration section */

/* Begin XCConfigurationList section */
		B9113C9B2C463BED009208C2 /* Build configuration list for PBXProject "Scheduleia" */ = {
			isa = XCConfigurationList;
			buildConfigurations = (
				B9113CCB2C463BEE009208C2 /* Debug */,
				B9113CCC2C463BEE009208C2 /* Release */,
			);
			defaultConfigurationIsVisible = 0;
			defaultConfigurationName = Release;
		};
		B9113CCD2C463BEE009208C2 /* Build configuration list for PBXNativeTarget "Scheduleia" */ = {
			isa = XCConfigurationList;
			buildConfigurations = (
				B9113CCE2C463BEE009208C2 /* Debug */,
				B9113CCF2C463BEE009208C2 /* Release */,
			);
			defaultConfigurationIsVisible = 0;
			defaultConfigurationName = Release;
		};
		B9113CD02C463BEE009208C2 /* Build configuration list for PBXNativeTarget "ScheduleiaTests" */ = {
			isa = XCConfigurationList;
			buildConfigurations = (
				B9113CD12C463BEE009208C2 /* Debug */,
				B9113CD22C463BEE009208C2 /* Release */,
			);
			defaultConfigurationIsVisible = 0;
			defaultConfigurationName = Release;
		};
		B9113CD32C463BEE009208C2 /* Build configuration list for PBXNativeTarget "ScheduleiaUITests" */ = {
			isa = XCConfigurationList;
			buildConfigurations = (
				B9113CD42C463BEE009208C2 /* Debug */,
				B9113CD52C463BEE009208C2 /* Release */,
			);
			defaultConfigurationIsVisible = 0;
			defaultConfigurationName = Release;
		};
/* End XCConfigurationList section */

/* Begin XCRemoteSwiftPackageReference section */
		B90301E02C478ABE00B139C5 /* XCRemoteSwiftPackageReference "firebase-ios-sdk" */ = {
			isa = XCRemoteSwiftPackageReference;
			repositoryURL = "https://github.com/firebase/firebase-ios-sdk";
			requirement = {
				kind = upToNextMajorVersion;
				minimumVersion = 10.29.0;
			};
		};
/* End XCRemoteSwiftPackageReference section */

/* Begin XCSwiftPackageProductDependency section */
		B90301E12C478ABE00B139C5 /* FirebaseAuth */ = {
			isa = XCSwiftPackageProductDependency;
			package = B90301E02C478ABE00B139C5 /* XCRemoteSwiftPackageReference "firebase-ios-sdk" */;
			productName = FirebaseAuth;
		};
		B90301E32C478ABE00B139C5 /* FirebaseAuthCombine-Community */ = {
			isa = XCSwiftPackageProductDependency;
			package = B90301E02C478ABE00B139C5 /* XCRemoteSwiftPackageReference "firebase-ios-sdk" */;
			productName = "FirebaseAuthCombine-Community";
		};
/* End XCSwiftPackageProductDependency section */

/* Begin XCVersionGroup section */
		B9113CAC2C463BED009208C2 /* Scheduleia.xcdatamodeld */ = {
			isa = XCVersionGroup;
			children = (
				B9113CAD2C463BED009208C2 /* Scheduleia.xcdatamodel */,
			);
			currentVersion = B9113CAD2C463BED009208C2 /* Scheduleia.xcdatamodel */;
			path = Scheduleia.xcdatamodeld;
			sourceTree = "<group>";
			versionGroupType = wrapper.xcdatamodel;
		};
/* End XCVersionGroup section */
	};
	rootObject = B9113C982C463BED009208C2 /* Project object */;
}
